PATH
  remote: .
  specs:
    bugspots (0.2.2)
      rainbow
      rugged (>= 1.7.2)

GEM
  remote: https://rubygems.org/
  specs:
    drb (2.2.3)
    minitest (6.0.3)
      drb (~> 2.0)
      prism (~> 1.5)
    prism (1.9.0)
    rainbow (3.1.1)
    rake (13.3.1)
    rugged (1.9.0)

PLATFORMS
  ruby

DEPENDENCIES
  bugspots!
  minitest
  rake

RUBY VERSION
  ruby 4.0.1

BUNDLED WITH
  4.0.7
